
Microsoft Visual Studio Solution File, Format Version 12.00
# Visual Studio Version 17
VisualStudioVersion = 17.14.36811.4 d17.14
MinimumVisualStudioVersion = 10.0.40219.1
Project("{FAE04EC0-301F-11D3-BF4B-00C04F79EFBC}") = "SlimSteed", "SlimSteed.csproj", "{5F0C1A3E-E937-284B-6525-F349BCDDFF83}"
EndProject
Global
	GlobalSection(SolutionConfigurationPlatforms) = preSolution
		Debug|x64 = Debug|x64
		Release|x64 = Release|x64
	EndGlobalSection
	GlobalSection(ProjectConfigurationPlatforms) = postSolution
		{5F0C1A3E-E937-284B-6525-F349BCDDFF83}.Debug|x64.ActiveCfg = Debug|x64
		{5F0C1A3E-E937-284B-6525-F349BCDDFF83}.Debug|x64.Build.0 = Debug|x64
		{5F0C1A3E-E937-284B-6525-F349BCDDFF83}.Release|x64.ActiveCfg = Release|x64
		{5F0C1A3E-E937-284B-6525-F349BCDDFF83}.Release|x64.Build.0 = Release|x64
	EndGlobalSection
	GlobalSection(SolutionProperties) = preSolution
		HideSolutionNode = FALSE
	EndGlobalSection
	GlobalSection(ExtensibilityGlobals) = postSolution
		SolutionGuid = {50138B0F-993D-471D-A2D0-6BE376B302BF}
	EndGlobalSection
EndGlobal
